// !$*UTF8*$!
{
	archiveVersion = 1;
	classes = {
	};
	objectVersion = 50;
	objects = {

/* Begin PBXBuildFile section */
		FF20A4CD23ECFDE100EC23A4 /* ToDoViewController.swift in Sources */ = {isa = PBXBuildFile; fileRef = FF20A4CC23ECFDE100EC23A4 /* ToDoViewController.swift */; };
		FF70E29B23EA595100C53B05 /* AppDelegate.swift in Sources */ = {isa = PBXBuildFile; fileRef = FF70E29A23EA595100C53B05 /* AppDelegate.swift */; };
		FF70E2A023EA595100C53B05 /* Main.storyboard in Resources */ = {isa = PBXBuildFile; fileRef = FF70E29E23EA595100C53B05 /* Main.storyboard */; };
		FF70E2A323EA595100C53B05 /* ToDoList.xcdatamodeld in Sources */ = {isa = PBXBuildFile; fileRef = FF70E2A123EA595100C53B05 /* ToDoList.xcdatamodeld */; };
		FF70E2A523EA595100C53B05 /* Assets.xcassets in Resources */ = {isa = PBXBuildFile; fileRef = FF70E2A423EA595100C53B05 /* Assets.xcassets */; };
		FF70E2A823EA595100C53B05 /* LaunchScreen.storyboard in Resources */ = {isa = PBXBuildFile; fileRef = FF70E2A623EA595100C53B05 /* LaunchScreen.storyboard */; };
		FF70E2B223EA5B7D00C53B05 /* ListTableViewController.swift in Sources */ = {isa = PBXBuildFile; fileRef = FF70E2B123EA5B7D00C53B05 /* ListTableViewController.swift */; };
		FF70E2B423EA607400C53B05 /* ToDo.swift in Sources */ = {isa = PBXBuildFile; fileRef = FF70E2B323EA607400C53B05 /* ToDo.swift */; };
		FF70E2B623EBB3A800C53B05 /* ToDoNewViewController.swift in Sources */ = {isa = PBXBuildFile; fileRef = FF70E2B523EBB3A800C53B05 /* ToDoNewViewController.swift */; };
/* End PBXBuildFile section */

/* Begin PBXFileReference section */
		FF20A4CC23ECFDE100EC23A4 /* ToDoViewController.swift */ = {isa = PBXFileReference; lastKnownFileType = sourcecode.swift; path = ToDoViewController.swift; sourceTree = "<group>"; };
		FF70E29723EA595000C53B05 /* ToDoList.app */ = {isa = PBXFileReference; explicitFileType = wrapper.application; includeInIndex = 0; path = ToDoList.app; sourceTree = BUILT_PRODUCTS_DIR; };
		FF70E29A23EA595100C53B05 /* AppDelegate.swift */ = {isa = PBXFileReference; lastKnownFileType = sourcecode.swift; path = AppDelegate.swift; sourceTree = "<group>"; };
		FF70E29F23EA595100C53B05 /* Base */ = {isa = PBXFileReference; lastKnownFileType = file.storyboard; name = Base; path = Base.lproj/Main.storyboard; sourceTree = "<group>"; };
		FF70E2A223EA595100C53B05 /* ToDoList.xcdatamodel */ = {isa = PBXFileReference; lastKnownFileType = wrapper.xcdatamodel; path = ToDoList.xcdatamodel; sourceTree = "<group>"; };
		FF70E2A423EA595100C53B05 /* Assets.xcassets */ = {isa = PBXFileReference; lastKnownFileType = folder.assetcatalog; path = Assets.xcassets; sourceTree = "<group>"; };
		FF70E2A723EA595100C53B05 /* Base */ = {isa = PBXFileReference; lastKnownFileType = file.storyboard; name = Base; path = Base.lproj/LaunchScreen.storyboard; sourceTree = "<group>"; };
		FF70E2A923EA595100C53B05 /* Info.plist */ = {isa = PBXFileReference; lastKnownFileType = text.plist.xml; path = Info.plist; sourceTree = "<group>"; };
		FF70E2B123EA5B7D00C53B05 /* ListTableViewController.swift */ = {isa = PBXFileReference; lastKnownFileType = sourcecode.swift; path = ListTableViewController.swift; sourceTree = "<group>"; };
		FF70E2B323EA607400C53B05 /* ToDo.swift */ = {isa = PBXFileReference; lastKnownFileType = sourcecode.swift; path = ToDo.swift; sourceTree = "<group>"; };
		FF70E2B523EBB3A800C53B05 /* ToDoNewViewController.swift */ = {isa = PBXFileReference; lastKnownFileType = sourcecode.swift; path = ToDoNewViewController.swift; sourceTree = "<group>"; };
/* End PBXFileReference section */

/* Begin PBXFrameworksBuildPhase section */
		FF70E29423EA595000C53B05 /* Frameworks */ = {
			isa = PBXFrameworksBuildPhase;
			buildActionMask = 2147483647;
			files = (
			);
			runOnlyForDeploymentPostprocessing = 0;
		};
/* End PBXFrameworksBuildPhase section */

/* Begin PBXGroup section */
		FF70E28E23EA595000C53B05 = {
			isa = PBXGroup;
			children = (
				FF70E29923EA595000C53B05 /* ToDoList */,
				FF70E29823EA595000C53B05 /* Products */,
			);
			sourceTree = "<group>";
		};
		FF70E29823EA595000C53B05 /* Products */ = {
			isa = PBXGroup;
			children = (
				FF70E29723EA595000C53B05 /* ToDoList.app */,
			);
			name = Products;
			sourceTree = "<group>";
		};
		FF70E29923EA595000C53B05 /* ToDoList */ = {
			isa = PBXGroup;
			children = (
				FF70E29A23EA595100C53B05 /* AppDelegate.swift */,
				FF70E29E23EA595100C53B05 /* Main.storyboard */,
				FF20A4CC23ECFDE100EC23A4 /* ToDoViewController.swift */,
				FF70E2B323EA607400C53B05 /* ToDo.swift */,
				FF70E2B523EBB3A800C53B05 /* ToDoNewViewController.swift */,
				FF70E2B123EA5B7D00C53B05 /* ListTableViewController.swift */,
				FF70E2A423EA595100C53B05 /* Assets.xcassets */,
				FF70E2A623EA595100C53B05 /* LaunchScreen.storyboard */,
				FF70E2A923EA595100C53B05 /* Info.plist */,
				FF70E2A123EA595100C53B05 /* ToDoList.xcdatamodeld */,
			);
			path = ToDoList;
			sourceTree = "<group>";
		};
/* End PBXGroup section */

/* Begin PBXNativeTarget section */
		FF70E29623EA595000C53B05 /* ToDoList */ = {
			isa = PBXNativeTarget;
			buildConfigurationList = FF70E2AC23EA595100C53B05 /* Build configuration list for PBXNativeTarget "ToDoList" */;
			buildPhases = (
				FF70E29323EA595000C53B05 /* Sources */,
				FF70E29423EA595000C53B05 /* Frameworks */,
				FF70E29523EA595000C53B05 /* Resources */,
			);
			buildRules = (
			);
			dependencies = (
			);
			name = ToDoList;
			productName = ToDoList;
			productReference = FF70E29723EA595000C53B05 /* ToDoList.app */;
			productType = "com.apple.product-type.application";
		};
/* End PBXNativeTarget section */

/* Begin PBXProject section */
		FF70E28F23EA595000C53B05 /* Project object */ = {
			isa = PBXProject;
			attributes = {
				LastSwiftUpdateCheck = 1010;
				LastUpgradeCheck = 1010;
				ORGANIZATIONNAME = "Aileen Bull";
				TargetAttributes = {
					FF70E29623EA595000C53B05 = {
						CreatedOnToolsVersion = 10.1;
					};
				};
			};
			buildConfigurationList = FF70E29223EA595000C53B05 /* Build configuration list for PBXProject "ToDoList" */;
			compatibilityVersion = "Xcode 9.3";
			developmentRegion = en;
			hasScannedForEncodings = 0;
			knownRegions = (
				en,
				Base,
			);
			mainGroup = FF70E28E23EA595000C53B05;
			productRefGroup = FF70E29823EA595000C53B05 /* Products */;
			projectDirPath = "";
			projectRoot = "";
			targets = (
				FF70E29623EA595000C53B05 /* ToDoList */,
			);
		};
/* End PBXProject section */

/* Begin PBXResourcesBuildPhase section */
		FF70E29523EA595000C53B05 /* Resources */ = {
			isa = PBXResourcesBuildPhase;
			buildActionMask = 2147483647;
			files = (
				FF70E2A823EA595100C53B05 /* LaunchScreen.storyboard in Resources */,
				FF70E2A523EA595100C53B05 /* Assets.xcassets in Resources */,
				FF70E2A023EA595100C53B05 /* Main.storyboard in Resources */,
			);
			runOnlyForDeploymentPostprocessing = 0;
		};
/* End PBXResourcesBuildPhase section */

/* Begin PBXSourcesBuildPhase section */
		FF70E29323EA595000C53B05 /* Sources */ = {
			isa = PBXSourcesBuildPhase;
			buildActionMask = 2147483647;
			files = (
				FF70E2B223EA5B7D00C53B05 /* ListTableViewController.swift in Sources */,
				FF70E2B623EBB3A800C53B05 /* ToDoNewViewController.swift in Sources */,
				FF70E2A323EA595100C53B05 /* ToDoList.xcdatamodeld in Sources */,
				FF70E29B23EA595100C53B05 /* AppDelegate.swift in Sources */,
				FF20A4CD23ECFDE100EC23A4 /* ToDoViewController.swift in Sources */,
				FF70E2B423EA607400C53B05 /* ToDo.swift in Sources */,
			);
			runOnlyForDeploymentPostprocessing = 0;
		};
/* End PBXSourcesBuildPhase section */

/* Begin PBXVariantGroup section */
		FF70E29E23EA595100C53B05 /* Main.storyboard */ = {
			isa = PBXVariantGroup;
			children = (
				FF70E29F23EA595100C53B05 /* Base */,
			);
			name = Main.storyboard;
			sourceTree = "<group>";
		};
		FF70E2A623EA595100C53B05 /* LaunchScreen.storyboard */ = {
			isa = PBXVariantGroup;
			children = (
				FF70E2A723EA595100C53B05 /* Base */,
			);
			name = LaunchScreen.storyboard;
			sourceTree = "<group>";
		};
/* End PBXVariantGroup section */

/* Begin XCBuildConfiguration section */
		FF70E2AA23EA595100C53B05 /* Debug */ = {
			isa = XCBuildConfiguration;
			buildSettings = {
				ALWAYS_SEARCH_USER_PATHS = NO;
				CLANG_ANALYZER_NONNULL = YES;
				CLANG_ANALYZER_NUMBER_OBJECT_CONVERSION = YES_AGGRESSIVE;
				CLANG_CXX_LANGUAGE_STANDARD = "gnu++14";
				CLANG_CXX_LIBRARY = "libc++";
				CLANG_ENABLE_MODULES = YES;
				CLANG_ENABLE_OBJC_ARC = YES;
				CLANG_ENABLE_OBJC_WEAK = YES;
				CLANG_WARN_BLOCK_CAPTURE_AUTORELEASING = YES;
				CLANG_WARN_BOOL_CONVERSION = YES;
				CLANG_WARN_COMMA = YES;
				CLANG_WARN_CONSTANT_CONVERSION = YES;
				CLANG_WARN_DEPRECATED_OBJC_IMPLEMENTATIONS = YES;
				CLANG_WARN_DIRECT_OBJC_ISA_USAGE = YES_ERROR;
				CLANG_WARN_DOCUMENTATION_COMMENTS = YES;
				CLANG_WARN_EMPTY_BODY = YES;
				CLANG_WARN_ENUM_CONVERSION = YES;
				CLANG_WARN_INFINITE_RECURSION = YES;
				CLANG_WARN_INT_CONVERSION = YES;
				CLANG_WARN_NON_LITERAL_NULL_CONVERSION = YES;
				CLANG_WARN_OBJC_IMPLICIT_RETAIN_SELF = YES;
				CLANG_WARN_OBJC_LITERAL_CONVERSION = YES;
				CLANG_WARN_OBJC_ROOT_CLASS = YES_ERROR;
				CLANG_WARN_RANGE_LOOP_ANALYSIS = YES;
				CLANG_WARN_STRICT_PROTOTYPES = YES;
				CLANG_WARN_SUSPICIOUS_MOVE = YES;
				CLANG_WARN_UNGUARDED_AVAILABILITY = YES_AGGRESSIVE;
				CLANG_WARN_UNREACHABLE_CODE = YES;
				CLANG_WARN__DUPLICATE_METHOD_MATCH = YES;
				CODE_SIGN_IDENTITY = "iPhone Developer";
				COPY_PHASE_STRIP = NO;
				DEBUG_INFORMATION_FORMAT = dwarf;
				ENABLE_STRICT_OBJC_MSGSEND = YES;
				ENABLE_TESTABILITY = YES;
				GCC_C_LANGUAGE_STANDARD = gnu11;
				GCC_DYNAMIC_NO_PIC = NO;
				GCC_NO_COMMON_BLOCKS = YES;
				GCC_OPTIMIZATION_LEVEL = 0;
				GCC_PREPROCESSOR_DEFINITIONS = (
					"DEBUG=1",
					"$(inherited)",
				);
				GCC_WARN_64_TO_32_BIT_CONVERSION = YES;
				GCC_WARN_ABOUT_RETURN_TYPE = YES_ERROR;
				GCC_WARN_UNDECLARED_SELECTOR = YES;
				GCC_WARN_UNINITIALIZED_AUTOS = YES_AGGRESSIVE;
				GCC_WARN_UNUSED_FUNCTION = YES;
				GCC_WARN_UNUSED_VARIABLE = YES;
				IPHONEOS_DEPLOYMENT_TARGET = 12.1;
				MTL_ENABLE_DEBUG_INFO = INCLUDE_SOURCE;
				MTL_FAST_MATH = YES;
				ONLY_ACTIVE_ARCH = YES;
				SDKROOT = iphoneos;
				SWIFT_ACTIVE_COMPILATION_CONDITIONS = DEBUG;
				SWIFT_OPTIMIZATION_LEVEL = "-Onone";
			};
			name = Debug;
		};
		FF70E2AB23EA595100C53B05 /* Release */ = {
			isa = XCBuildConfiguration;
			buildSettings = {
				ALWAYS_SEARCH_USER_PATHS = NO;
				CLANG_ANALYZER_NONNULL = YES;
				CLANG_ANALYZER_NUMBER_OBJECT_CONVERSION = YES_AGGRESSIVE;
				CLANG_CXX_LANGUAGE_STANDARD = "gnu++14";
				CLANG_CXX_LIBRARY = "libc++";
				CLANG_ENABLE_MODULES = YES;
				CLANG_ENABLE_OBJC_ARC = YES;
				CLANG_ENABLE_OBJC_WEAK = YES;
				CLANG_WARN_BLOCK_CAPTURE_AUTORELEASING = YES;
				CLANG_WARN_BOOL_CONVERSION = YES;
				CLANG_WARN_COMMA = YES;
				CLANG_WARN_CONSTANT_CONVERSION = YES;
				CLANG_WARN_DEPRECATED_OBJC_IMPLEMENTATIONS = YES;
				CLANG_WARN_DIRECT_OBJC_ISA_USAGE = YES_ERROR;
				CLANG_WARN_DOCUMENTATION_COMMENTS = YES;
				CLANG_WARN_EMPTY_BODY = YES;
				CLANG_WARN_ENUM_CONVERSION = YES;
				CLANG_WARN_INFINITE_RECURSION = YES;
				CLANG_WARN_INT_CONVERSION = YES;
				CLANG_WARN_NON_LITERAL_NULL_CONVERSION = YES;
				CLANG_WARN_OBJC_IMPLICIT_RETAIN_SELF = YES;
				CLANG_WARN_OBJC_LITERAL_CONVERSION = YES;
				CLANG_WARN_OBJC_ROOT_CLASS = YES_ERROR;
				CLANG_WARN_RANGE_LOOP_ANALYSIS = YES;
				CLANG_WARN_STRICT_PROTOTYPES = YES;
				CLANG_WARN_SUSPICIOUS_MOVE = YES;
				CLANG_WARN_UNGUARDED_AVAILABILITY = YES_AGGRESSIVE;
				CLANG_WARN_UNREACHABLE_CODE = YES;
				CLANG_WARN__DUPLICATE_METHOD_MATCH = YES;
				CODE_SIGN_IDENTITY = "iPhone Developer";
				COPY_PHASE_STRIP = NO;
				DEBUG_INFORMATION_FORMAT = "dwarf-with-dsym";
				ENABLE_NS_ASSERTIONS = NO;
				ENABLE_STRICT_OBJC_MSGSEND = YES;
				GCC_C_LANGUAGE_STANDARD = gnu11;
				GCC_NO_COMMON_BLOCKS = YES;
				GCC_WARN_64_TO_32_BIT_CONVERSION = YES;
				GCC_WARN_ABOUT_RETURN_TYPE = YES_ERROR;
				GCC_WARN_UNDECLARED_SELECTOR = YES;
				GCC_WARN_UNINITIALIZED_AUTOS = YES_AGGRESSIVE;
				GCC_WARN_UNUSED_FUNCTION = YES;
				GCC_WARN_UNUSED_VARIABLE = YES;
				IPHONEOS_DEPLOYMENT_TARGET = 12.1;
				MTL_ENABLE_DEBUG_INFO = NO;
				MTL_FAST_MATH = YES;
				SDKROOT = iphoneos;
				SWIFT_COMPILATION_MODE = wholemodule;
				SWIFT_OPTIMIZATION_LEVEL = "-O";
				VALIDATE_PRODUCT = YES;
			};
			name = Release;
		};
		FF70E2AD23EA595100C53B05 /* Debug */ = {
			isa = XCBuildConfiguration;
			buildSettings = {
				ASSETCATALOG_COMPILER_APPICON_NAME = AppIcon;
				CODE_SIGN_STYLE = Automatic;
				INFOPLIST_FILE = ToDoList/Info.plist;
				LD_RUNPATH_SEARCH_PATHS = (
					"$(inherited)",
					"@executable_path/Frameworks",
				);
				PRODUCT_BUNDLE_IDENTIFIER = com.AileenBull.ToDoList;
				PRODUCT_NAME = "$(TARGET_NAME)";
				SWIFT_VERSION = 4.2;
				TARGETED_DEVICE_FAMILY = "1,2";
			};
			name = Debug;
		};
		FF70E2AE23EA595100C53B05 /* Release */ = {
			isa = XCBuildConfiguration;
			buildSettings = {
				ASSETCATALOG_COMPILER_APPICON_NAME = AppIcon;
				CODE_SIGN_STYLE = Automatic;
				INFOPLIST_FILE = ToDoList/Info.plist;
				LD_RUNPATH_SEARCH_PATHS = (
					"$(inherited)",
					"@executable_path/Frameworks",
				);
				PRODUCT_BUNDLE_IDENTIFIER = com.AileenBull.ToDoList;
				PRODUCT_NAME = "$(TARGET_NAME)";
				SWIFT_VERSION = 4.2;
				TARGETED_DEVICE_FAMILY = "1,2";
			};
			name = Release;
		};
/* End XCBuildConfiguration section */

/* Begin XCConfigurationList section */
		FF70E29223EA595000C53B05 /* Build configuration list for PBXProject "ToDoList" */ = {
			isa = XCConfigurationList;
			buildConfigurations = (
				FF70E2AA23EA595100C53B05 /* Debug */,
				FF70E2AB23EA595100C53B05 /* Release */,
			);
			defaultConfigurationIsVisible = 0;
			defaultConfigurationName = Release;
		};
		FF70E2AC23EA595100C53B05 /* Build configuration list for PBXNativeTarget "ToDoList" */ = {
			isa = XCConfigurationList;
			buildConfigurations = (
				FF70E2AD23EA595100C53B05 /* Debug */,
				FF70E2AE23EA595100C53B05 /* Release */,
			);
			defaultConfigurationIsVisible = 0;
			defaultConfigurationName = Release;
		};
/* End XCConfigurationList section */

/* Begin XCVersionGroup section */
		FF70E2A123EA595100C53B05 /* ToDoList.xcdatamodeld */ = {
			isa = XCVersionGroup;
			children = (
				FF70E2A223EA595100C53B05 /* ToDoList.xcdatamodel */,
			);
			currentVersion = FF70E2A223EA595100C53B05 /* ToDoList.xcdatamodel */;
			path = ToDoList.xcdatamodeld;
			sourceTree = "<group>";
			versionGroupType = wrapper.xcdatamodel;
		};
/* End XCVersionGroup section */
	};
	rootObject = FF70E28F23EA595000C53B05 /* Project object */;
}
